
Microsoft Visual Studio Solution File, Format Version 12.00
Project("{FAE04EC0-301F-11D3-BF4B-00C04F79EFBC}") = "creditRecordEvents", "creditRecordEvents\creditRecordEvents.csproj", "{C7B16B5F-0D26-4656-841F-123ACB3CDE0D}"
EndProject
Global
	GlobalSection(SolutionConfigurationPlatforms) = preSolution
		Debug|Any CPU = Debug|Any CPU
		Release|Any CPU = Release|Any CPU
	EndGlobalSection
	GlobalSection(ProjectConfigurationPlatforms) = postSolution
		{C7B16B5F-0D26-4656-841F-123ACB3CDE0D}.Debug|Any CPU.ActiveCfg = Debug|Any CPU
		{C7B16B5F-0D26-4656-841F-123ACB3CDE0D}.Debug|Any CPU.Build.0 = Debug|Any CPU
		{C7B16B5F-0D26-4656-841F-123ACB3CDE0D}.Release|Any CPU.ActiveCfg = Release|Any CPU
		{C7B16B5F-0D26-4656-841F-123ACB3CDE0D}.Release|Any CPU.Build.0 = Release|Any CPU
	EndGlobalSection
EndGlobal
